
Microsoft Visual Studio Solution File, Format Version 12.00
# Visual Studio 15
VisualStudioVersion = 15.0.26430.16
MinimumVisualStudioVersion = 10.0.40219.1
Project("{FAE04EC0-301F-11D3-BF4B-00C04F79EFBC}") = "myfoodapp", "myfoodapp\myfoodapp.csproj", "{C390CE1B-9F47-4701-AA23-970E31EACAEA}"
EndProject
Project("{FAE04EC0-301F-11D3-BF4B-00C04F79EFBC}") = "myfoodapp.Business", "myfoodapp.Business\myfoodapp.Business.csproj", "{AD00C69B-4B59-4553-89EA-49822A91EDFD}"
EndProject
Project("{FAE04EC0-301F-11D3-BF4B-00C04F79EFBC}") = "myfoodapp.Model", "myfoodapp.Model\myfoodapp.Model.csproj", "{EEF3D211-2B1C-403F-ADC2-8601DE17AFEE}"
EndProject
Project("{FAE04EC0-301F-11D3-BF4B-00C04F79EFBC}") = "myfoodapp.Common", "myfoodapp.Common\myfoodapp.Common.csproj", "{36B938D0-85A3-47AC-9EF1-00668307430E}"
EndProject
Project("{2150E333-8FDC-42A3-9474-1A3956D46DE8}") = "UWP", "UWP", "{F8D34F3C-6D48-4821-9FDF-DFA198BAD21B}"
EndProject
Project("{2150E333-8FDC-42A3-9474-1A3956D46DE8}") = "Hub", "Hub", "{B64CD15E-6EB0-4BBD-8B48-5509FEAB2B82}"
EndProject
Project("{2150E333-8FDC-42A3-9474-1A3956D46DE8}") = "Web", "Web", "{A90B4F4F-F007-43FE-8AE5-AC414E637CAE}"
EndProject
Project("{FAE04EC0-301F-11D3-BF4B-00C04F79EFBC}") = "myfoodapp.Hub", "myfoodapp.Hub\myfoodapp.Hub.csproj", "{F02DEC02-E56C-4808-882D-C5F916DEB9A4}"
EndProject
Project("{FAE04EC0-301F-11D3-BF4B-00C04F79EFBC}") = "myfoodapp.WebServer", "myfoodapp.WebServer\myfoodapp.WebServer.csproj", "{69A1435D-195C-4FE6-B1DA-00DF57773D63}"
EndProject
Global
	GlobalSection(SolutionConfigurationPlatforms) = preSolution
		Debug|Any CPU = Debug|Any CPU
		Debug|ARM = Debug|ARM
		Debug|x64 = Debug|x64
		Debug|x86 = Debug|x86
		Release|Any CPU = Release|Any CPU
		Release|ARM = Release|ARM
		Release|x64 = Release|x64
		Release|x86 = Release|x86
	EndGlobalSection
	GlobalSection(ProjectConfigurationPlatforms) = postSolution
		{C390CE1B-9F47-4701-AA23-970E31EACAEA}.Debug|Any CPU.ActiveCfg = Debug|x86
		{C390CE1B-9F47-4701-AA23-970E31EACAEA}.Debug|ARM.ActiveCfg = Debug|ARM
		{C390CE1B-9F47-4701-AA23-970E31EACAEA}.Debug|ARM.Build.0 = Debug|ARM
		{C390CE1B-9F47-4701-AA23-970E31EACAEA}.Debug|ARM.Deploy.0 = Debug|ARM
		{C390CE1B-9F47-4701-AA23-970E31EACAEA}.Debug|x64.ActiveCfg = Debug|x64
		{C390CE1B-9F47-4701-AA23-970E31EACAEA}.Debug|x64.Build.0 = Debug|x64
		{C390CE1B-9F47-4701-AA23-970E31EACAEA}.Debug|x64.Deploy.0 = Debug|x64
		{C390CE1B-9F47-4701-AA23-970E31EACAEA}.Debug|x86.ActiveCfg = Debug|x86
		{C390CE1B-9F47-4701-AA23-970E31EACAEA}.Debug|x86.Build.0 = Debug|x86
		{C390CE1B-9F47-4701-AA23-970E31EACAEA}.Debug|x86.Deploy.0 = Debug|x86
		{C390CE1B-9F47-4701-AA23-970E31EACAEA}.Release|Any CPU.ActiveCfg = Release|x86
		{C390CE1B-9F47-4701-AA23-970E31EACAEA}.Release|ARM.ActiveCfg = Release|ARM
		{C390CE1B-9F47-4701-AA23-970E31EACAEA}.Release|ARM.Build.0 = Release|ARM
		{C390CE1B-9F47-4701-AA23-970E31EACAEA}.Release|ARM.Deploy.0 = Release|ARM
		{C390CE1B-9F47-4701-AA23-970E31EACAEA}.Release|x64.ActiveCfg = Release|x64
		{C390CE1B-9F47-4701-AA23-970E31EACAEA}.Release|x64.Build.0 = Release|x64
		{C390CE1B-9F47-4701-AA23-970E31EACAEA}.Release|x64.Deploy.0 = Release|x64
		{C390CE1B-9F47-4701-AA23-970E31EACAEA}.Release|x86.ActiveCfg = Release|x86
		{C390CE1B-9F47-4701-AA23-970E31EACAEA}.Release|x86.Build.0 = Release|x86
		{C390CE1B-9F47-4701-AA23-970E31EACAEA}.Release|x86.Deploy.0 = Release|x86
		{AD00C69B-4B59-4553-89EA-49822A91EDFD}.Debug|Any CPU.ActiveCfg = Debug|Any CPU
		{AD00C69B-4B59-4553-89EA-49822A91EDFD}.Debug|Any CPU.Build.0 = Debug|Any CPU
		{AD00C69B-4B59-4553-89EA-49822A91EDFD}.Debug|ARM.ActiveCfg = Debug|ARM
		{AD00C69B-4B59-4553-89EA-49822A91EDFD}.Debug|ARM.Build.0 = Debug|ARM
		{AD00C69B-4B59-4553-89EA-49822A91EDFD}.Debug|x64.ActiveCfg = Debug|x64
		{AD00C69B-4B59-4553-89EA-49822A91EDFD}.Debug|x64.Build.0 = Debug|x64
		{AD00C69B-4B59-4553-89EA-49822A91EDFD}.Debug|x86.ActiveCfg = Debug|x86
		{AD00C69B-4B59-4553-89EA-49822A91EDFD}.Debug|x86.Build.0 = Debug|x86
		{AD00C69B-4B59-4553-89EA-49822A91EDFD}.Release|Any CPU.ActiveCfg = Release|Any CPU
		{AD00C69B-4B59-4553-89EA-49822A91EDFD}.Release|Any CPU.Build.0 = Release|Any CPU
		{AD00C69B-4B59-4553-89EA-49822A91EDFD}.Release|ARM.ActiveCfg = Release|ARM
		{AD00C69B-4B59-4553-89EA-49822A91EDFD}.Release|ARM.Build.0 = Release|ARM
		{AD00C69B-4B59-4553-89EA-49822A91EDFD}.Release|x64.ActiveCfg = Release|x64
		{AD00C69B-4B59-4553-89EA-49822A91EDFD}.Release|x64.Build.0 = Release|x64
		{AD00C69B-4B59-4553-89EA-49822A91EDFD}.Release|x86.ActiveCfg = Release|x86
		{AD00C69B-4B59-4553-89EA-49822A91EDFD}.Release|x86.Build.0 = Release|x86
		{EEF3D211-2B1C-403F-ADC2-8601DE17AFEE}.Debug|Any CPU.ActiveCfg = Debug|Any CPU
		{EEF3D211-2B1C-403F-ADC2-8601DE17AFEE}.Debug|Any CPU.Build.0 = Debug|Any CPU
		{EEF3D211-2B1C-403F-ADC2-8601DE17AFEE}.Debug|ARM.ActiveCfg = Debug|ARM
		{EEF3D211-2B1C-403F-ADC2-8601DE17AFEE}.Debug|ARM.Build.0 = Debug|ARM
		{EEF3D211-2B1C-403F-ADC2-8601DE17AFEE}.Debug|x64.ActiveCfg = Debug|x64
		{EEF3D211-2B1C-403F-ADC2-8601DE17AFEE}.Debug|x64.Build.0 = Debug|x64
		{EEF3D211-2B1C-403F-ADC2-8601DE17AFEE}.Debug|x86.ActiveCfg = Debug|x86
		{EEF3D211-2B1C-403F-ADC2-8601DE17AFEE}.Debug|x86.Build.0 = Debug|x86
		{EEF3D211-2B1C-403F-ADC2-8601DE17AFEE}.Release|Any CPU.ActiveCfg = Release|Any CPU
		{EEF3D211-2B1C-403F-ADC2-8601DE17AFEE}.Release|Any CPU.Build.0 = Release|Any CPU
		{EEF3D211-2B1C-403F-ADC2-8601DE17AFEE}.Release|ARM.ActiveCfg = Release|ARM
		{EEF3D211-2B1C-403F-ADC2-8601DE17AFEE}.Release|ARM.Build.0 = Release|ARM
		{EEF3D211-2B1C-403F-ADC2-8601DE17AFEE}.Release|x64.ActiveCfg = Release|x64
		{EEF3D211-2B1C-403F-ADC2-8601DE17AFEE}.Release|x64.Build.0 = Release|x64
		{EEF3D211-2B1C-403F-ADC2-8601DE17AFEE}.Release|x86.ActiveCfg = Release|x86
		{EEF3D211-2B1C-403F-ADC2-8601DE17AFEE}.Release|x86.Build.0 = Release|x86
		{36B938D0-85A3-47AC-9EF1-00668307430E}.Debug|Any CPU.ActiveCfg = Debug|Any CPU
		{36B938D0-85A3-47AC-9EF1-00668307430E}.Debug|Any CPU.Build.0 = Debug|Any CPU
		{36B938D0-85A3-47AC-9EF1-00668307430E}.Debug|ARM.ActiveCfg = Debug|ARM
		{36B938D0-85A3-47AC-9EF1-00668307430E}.Debug|ARM.Build.0 = Debug|ARM
		{36B938D0-85A3-47AC-9EF1-00668307430E}.Debug|x64.ActiveCfg = Debug|x64
		{36B938D0-85A3-47AC-9EF1-00668307430E}.Debug|x64.Build.0 = Debug|x64
		{36B938D0-85A3-47AC-9EF1-00668307430E}.Debug|x86.ActiveCfg = Debug|x86
		{36B938D0-85A3-47AC-9EF1-00668307430E}.Debug|x86.Build.0 = Debug|x86
		{36B938D0-85A3-47AC-9EF1-00668307430E}.Release|Any CPU.ActiveCfg = Release|Any CPU
		{36B938D0-85A3-47AC-9EF1-00668307430E}.Release|Any CPU.Build.0 = Release|Any CPU
		{36B938D0-85A3-47AC-9EF1-00668307430E}.Release|ARM.ActiveCfg = Release|ARM
		{36B938D0-85A3-47AC-9EF1-00668307430E}.Release|ARM.Build.0 = Release|ARM
		{36B938D0-85A3-47AC-9EF1-00668307430E}.Release|x64.ActiveCfg = Release|x64
		{36B938D0-85A3-47AC-9EF1-00668307430E}.Release|x64.Build.0 = Release|x64
		{36B938D0-85A3-47AC-9EF1-00668307430E}.Release|x86.ActiveCfg = Release|x86
		{36B938D0-85A3-47AC-9EF1-00668307430E}.Release|x86.Build.0 = Release|x86
		{F02DEC02-E56C-4808-882D-C5F916DEB9A4}.Debug|Any CPU.ActiveCfg = Debug|Any CPU
		{F02DEC02-E56C-4808-882D-C5F916DEB9A4}.Debug|Any CPU.Build.0 = Debug|Any CPU
		{F02DEC02-E56C-4808-882D-C5F916DEB9A4}.Debug|ARM.ActiveCfg = Debug|Any CPU
		{F02DEC02-E56C-4808-882D-C5F916DEB9A4}.Debug|ARM.Build.0 = Debug|Any CPU
		{F02DEC02-E56C-4808-882D-C5F916DEB9A4}.Debug|x64.ActiveCfg = Debug|Any CPU
		{F02DEC02-E56C-4808-882D-C5F916DEB9A4}.Debug|x64.Build.0 = Debug|Any CPU
		{F02DEC02-E56C-4808-882D-C5F916DEB9A4}.Debug|x86.ActiveCfg = Debug|Any CPU
		{F02DEC02-E56C-4808-882D-C5F916DEB9A4}.Debug|x86.Build.0 = Debug|Any CPU
		{F02DEC02-E56C-4808-882D-C5F916DEB9A4}.Release|Any CPU.ActiveCfg = Release|Any CPU
		{F02DEC02-E56C-4808-882D-C5F916DEB9A4}.Release|Any CPU.Build.0 = Release|Any CPU
		{F02DEC02-E56C-4808-882D-C5F916DEB9A4}.Release|ARM.ActiveCfg = Release|Any CPU
		{F02DEC02-E56C-4808-882D-C5F916DEB9A4}.Release|ARM.Build.0 = Release|Any CPU
		{F02DEC02-E56C-4808-882D-C5F916DEB9A4}.Release|x64.ActiveCfg = Release|Any CPU
		{F02DEC02-E56C-4808-882D-C5F916DEB9A4}.Release|x64.Build.0 = Release|Any CPU
		{F02DEC02-E56C-4808-882D-C5F916DEB9A4}.Release|x86.ActiveCfg = Release|Any CPU
		{F02DEC02-E56C-4808-882D-C5F916DEB9A4}.Release|x86.Build.0 = Release|Any CPU
		{69A1435D-195C-4FE6-B1DA-00DF57773D63}.Debug|Any CPU.ActiveCfg = Debug|Any CPU
		{69A1435D-195C-4FE6-B1DA-00DF57773D63}.Debug|Any CPU.Build.0 = Debug|Any CPU
		{69A1435D-195C-4FE6-B1DA-00DF57773D63}.Debug|ARM.ActiveCfg = Debug|ARM
		{69A1435D-195C-4FE6-B1DA-00DF57773D63}.Debug|ARM.Build.0 = Debug|ARM
		{69A1435D-195C-4FE6-B1DA-00DF57773D63}.Debug|x64.ActiveCfg = Debug|x64
		{69A1435D-195C-4FE6-B1DA-00DF57773D63}.Debug|x64.Build.0 = Debug|x64
		{69A1435D-195C-4FE6-B1DA-00DF57773D63}.Debug|x86.ActiveCfg = Debug|x86
		{69A1435D-195C-4FE6-B1DA-00DF57773D63}.Debug|x86.Build.0 = Debug|x86
		{69A1435D-195C-4FE6-B1DA-00DF57773D63}.Release|Any CPU.ActiveCfg = Release|Any CPU
		{69A1435D-195C-4FE6-B1DA-00DF57773D63}.Release|Any CPU.Build.0 = Release|Any CPU
		{69A1435D-195C-4FE6-B1DA-00DF57773D63}.Release|ARM.ActiveCfg = Release|ARM
		{69A1435D-195C-4FE6-B1DA-00DF57773D63}.Release|ARM.Build.0 = Release|ARM
		{69A1435D-195C-4FE6-B1DA-00DF57773D63}.Release|x64.ActiveCfg = Release|x64
		{69A1435D-195C-4FE6-B1DA-00DF57773D63}.Release|x64.Build.0 = Release|x64
		{69A1435D-195C-4FE6-B1DA-00DF57773D63}.Release|x86.ActiveCfg = Release|x86
		{69A1435D-195C-4FE6-B1DA-00DF57773D63}.Release|x86.Build.0 = Release|x86
	EndGlobalSection
	GlobalSection(SolutionProperties) = preSolution
		HideSolutionNode = FALSE
	EndGlobalSection
	GlobalSection(NestedProjects) = preSolution
		{C390CE1B-9F47-4701-AA23-970E31EACAEA} = {F8D34F3C-6D48-4821-9FDF-DFA198BAD21B}
		{AD00C69B-4B59-4553-89EA-49822A91EDFD} = {F8D34F3C-6D48-4821-9FDF-DFA198BAD21B}
		{EEF3D211-2B1C-403F-ADC2-8601DE17AFEE} = {F8D34F3C-6D48-4821-9FDF-DFA198BAD21B}
		{36B938D0-85A3-47AC-9EF1-00668307430E} = {F8D34F3C-6D48-4821-9FDF-DFA198BAD21B}
		{F02DEC02-E56C-4808-882D-C5F916DEB9A4} = {B64CD15E-6EB0-4BBD-8B48-5509FEAB2B82}
		{69A1435D-195C-4FE6-B1DA-00DF57773D63} = {A90B4F4F-F007-43FE-8AE5-AC414E637CAE}
	EndGlobalSection
	GlobalSection(ExtensibilityGlobals) = postSolution
		SolutionGuid = {9EEA4C03-9E9A-486D-9F7D-8CCD498C7FAF}
	EndGlobalSection
EndGlobal
